
Microsoft Visual Studio Solution File, Format Version 11.00
# Visual Studio 2010
Project("{F184B08F-C81C-45F6-A57F-5ABD9991F28F}") = "templateImporterOld", "aoTemplateImporter\templateImporterOld.vbproj", "{F1447CEB-282E-4CA0-8371-E806D4024AC9}"
EndProject
Project("{F184B08F-C81C-45F6-A57F-5ABD9991F28F}") = "themeManager", "themeManager2\themeManager.vbproj", "{E09A2371-179B-47B1-8FC0-7062F8701C70}"
EndProject
Global
	GlobalSection(SolutionConfigurationPlatforms) = preSolution
		Debug|Any CPU = Debug|Any CPU
		Release|Any CPU = Release|Any CPU
	EndGlobalSection
	GlobalSection(ProjectConfigurationPlatforms) = postSolution
		{F1447CEB-282E-4CA0-8371-E806D4024AC9}.Debug|Any CPU.ActiveCfg = Debug|Any CPU
		{F1447CEB-282E-4CA0-8371-E806D4024AC9}.Debug|Any CPU.Build.0 = Debug|Any CPU
		{F1447CEB-282E-4CA0-8371-E806D4024AC9}.Release|Any CPU.ActiveCfg = Release|Any CPU
		{F1447CEB-282E-4CA0-8371-E806D4024AC9}.Release|Any CPU.Build.0 = Release|Any CPU
		{E09A2371-179B-47B1-8FC0-7062F8701C70}.Debug|Any CPU.ActiveCfg = Debug|Any CPU
		{E09A2371-179B-47B1-8FC0-7062F8701C70}.Debug|Any CPU.Build.0 = Debug|Any CPU
		{E09A2371-179B-47B1-8FC0-7062F8701C70}.Release|Any CPU.ActiveCfg = Release|Any CPU
		{E09A2371-179B-47B1-8FC0-7062F8701C70}.Release|Any CPU.Build.0 = Release|Any CPU
	EndGlobalSection
	GlobalSection(SolutionProperties) = preSolution
		HideSolutionNode = FALSE
	EndGlobalSection
	GlobalSection(ExtensibilityGlobals) = postSolution
		BuildVersion_UseGlobalSettings = True
		BuildVersion_AssemblyInfoFilename = themeManager2\My Project\AssemblyInfo.vb
	EndGlobalSection
EndGlobal
